
Microsoft Visual Studio Solution File, Format Version 12.00
# Visual Studio Version 16
VisualStudioVersion = 16.0.32228.343
MinimumVisualStudioVersion = 10.0.40219.1
Project("{FAE04EC0-301F-11D3-BF4B-00C04F79EFBC}") = "AspNetCore-Template", "AspNetCore-Template\AspNetCore-Template.csproj", "{A6711073-3180-421C-9CE2-5BFEE82724D7}"
EndProject
Global
	GlobalSection(SolutionConfigurationPlatforms) = preSolution
		Debug|Any CPU = Debug|Any CPU
		Release|Any CPU = Release|Any CPU
	EndGlobalSection
	GlobalSection(ProjectConfigurationPlatforms) = postSolution
		{A6711073-3180-421C-9CE2-5BFEE82724D7}.Debug|Any CPU.ActiveCfg = Debug|Any CPU
		{A6711073-3180-421C-9CE2-5BFEE82724D7}.Debug|Any CPU.Build.0 = Debug|Any CPU
		{A6711073-3180-421C-9CE2-5BFEE82724D7}.Release|Any CPU.ActiveCfg = Release|Any CPU
		{A6711073-3180-421C-9CE2-5BFEE82724D7}.Release|Any CPU.Build.0 = Release|Any CPU
	EndGlobalSection
	GlobalSection(SolutionProperties) = preSolution
		HideSolutionNode = FALSE
	EndGlobalSection
	GlobalSection(ExtensibilityGlobals) = postSolution
		SolutionGuid = {56A901C8-0B46-4A33-BC45-BC8E54AB6107}
	EndGlobalSection
EndGlobal
